
Microsoft Visual Studio Solution File, Format Version 12.00
# Visual Studio 15
VisualStudioVersion = 15.0.27428.2037
MinimumVisualStudioVersion = 10.0.40219.1
Project("{F184B08F-C81C-45F6-A57F-5ABD9991F28F}") = "PANScanner", "PANScanner\PANScanner.vbproj", "{B637A3BD-899D-48DD-91AA-EB67DDC326F8}"
EndProject
Global
	GlobalSection(SolutionConfigurationPlatforms) = preSolution
		Debug|Any CPU = Debug|Any CPU
		Release|Any CPU = Release|Any CPU
	EndGlobalSection
	GlobalSection(ProjectConfigurationPlatforms) = postSolution
		{B637A3BD-899D-48DD-91AA-EB67DDC326F8}.Debug|Any CPU.ActiveCfg = Debug|Any CPU
		{B637A3BD-899D-48DD-91AA-EB67DDC326F8}.Debug|Any CPU.Build.0 = Debug|Any CPU
		{B637A3BD-899D-48DD-91AA-EB67DDC326F8}.Release|Any CPU.ActiveCfg = Release|Any CPU
		{B637A3BD-899D-48DD-91AA-EB67DDC326F8}.Release|Any CPU.Build.0 = Release|Any CPU
	EndGlobalSection
	GlobalSection(SolutionProperties) = preSolution
		HideSolutionNode = FALSE
	EndGlobalSection
	GlobalSection(ExtensibilityGlobals) = postSolution
		SolutionGuid = {6364A681-8EDA-4794-8458-C14C3E104035}
	EndGlobalSection
EndGlobal
